
Microsoft Visual Studio Solution File, Format Version 12.00
# Visual Studio Version 17
VisualStudioVersion = 17.5.002.0
MinimumVisualStudioVersion = 10.0.40219.1
Project("{9A19103F-16F7-4668-BE54-9A1E7A4F7556}") = "IT", "IT.csproj", "{06984582-220E-49EC-A407-A583C9BF728A}"
EndProject
Global
	GlobalSection(SolutionConfigurationPlatforms) = preSolution
		Debug|Any CPU = Debug|Any CPU
		Release|Any CPU = Release|Any CPU
	EndGlobalSection
	GlobalSection(ProjectConfigurationPlatforms) = postSolution
		{06984582-220E-49EC-A407-A583C9BF728A}.Debug|Any CPU.ActiveCfg = Debug|Any CPU
		{06984582-220E-49EC-A407-A583C9BF728A}.Debug|Any CPU.Build.0 = Debug|Any CPU
		{06984582-220E-49EC-A407-A583C9BF728A}.Release|Any CPU.ActiveCfg = Release|Any CPU
		{06984582-220E-49EC-A407-A583C9BF728A}.Release|Any CPU.Build.0 = Release|Any CPU
	EndGlobalSection
	GlobalSection(SolutionProperties) = preSolution
		HideSolutionNode = FALSE
	EndGlobalSection
	GlobalSection(ExtensibilityGlobals) = postSolution
		SolutionGuid = {3AC5EBA0-99DE-4515-89EB-67839213980E}
	EndGlobalSection
EndGlobal
